
Microsoft Visual Studio Solution File, Format Version 12.00
Project("{FAE04EC0-301F-11D3-BF4B-00C04F79EFBC}") = "LeetCode.Api", "src\LeetCode.Api\LeetCode.Api.csproj", "{3FE6F8D1-EE79-413D-9DCF-CA4CB69364AC}"
EndProject
Project("{2150E333-8FDC-42A3-9474-1A3956D46DE8}") = "src", "src", "{EB741B42-F0CB-4ABA-AD72-2238B10F058D}"
EndProject
Global
	GlobalSection(SolutionConfigurationPlatforms) = preSolution
		Debug|Any CPU = Debug|Any CPU
		Release|Any CPU = Release|Any CPU
	EndGlobalSection
	GlobalSection(ProjectConfigurationPlatforms) = postSolution
		{3FE6F8D1-EE79-413D-9DCF-CA4CB69364AC}.Debug|Any CPU.ActiveCfg = Debug|Any CPU
		{3FE6F8D1-EE79-413D-9DCF-CA4CB69364AC}.Debug|Any CPU.Build.0 = Debug|Any CPU
		{3FE6F8D1-EE79-413D-9DCF-CA4CB69364AC}.Release|Any CPU.ActiveCfg = Release|Any CPU
		{3FE6F8D1-EE79-413D-9DCF-CA4CB69364AC}.Release|Any CPU.Build.0 = Release|Any CPU
	EndGlobalSection
	GlobalSection(NestedProjects) = preSolution
		{3FE6F8D1-EE79-413D-9DCF-CA4CB69364AC} = {EB741B42-F0CB-4ABA-AD72-2238B10F058D}
	EndGlobalSection
EndGlobal
